
Microsoft Visual Studio Solution File, Format Version 12.00
# Visual Studio Version 17
VisualStudioVersion = 17.7.34202.233
MinimumVisualStudioVersion = 10.0.40219.1
Project("{FAE04EC0-301F-11D3-BF4B-00C04F79EFBC}") = "practica 4, ejercicio 3 U3", "practica 4, ejercicio 3 U3.csproj", "{C6F30C4D-6D5C-481C-B78F-00CCD4E85140}"
EndProject
Global
	GlobalSection(SolutionConfigurationPlatforms) = preSolution
		Debug|Any CPU = Debug|Any CPU
		Release|Any CPU = Release|Any CPU
	EndGlobalSection
	GlobalSection(ProjectConfigurationPlatforms) = postSolution
		{C6F30C4D-6D5C-481C-B78F-00CCD4E85140}.Debug|Any CPU.ActiveCfg = Debug|Any CPU
		{C6F30C4D-6D5C-481C-B78F-00CCD4E85140}.Debug|Any CPU.Build.0 = Debug|Any CPU
		{C6F30C4D-6D5C-481C-B78F-00CCD4E85140}.Release|Any CPU.ActiveCfg = Release|Any CPU
		{C6F30C4D-6D5C-481C-B78F-00CCD4E85140}.Release|Any CPU.Build.0 = Release|Any CPU
	EndGlobalSection
	GlobalSection(SolutionProperties) = preSolution
		HideSolutionNode = FALSE
	EndGlobalSection
	GlobalSection(ExtensibilityGlobals) = postSolution
		SolutionGuid = {E513A5A0-32F8-47FE-A961-6D672CFA5B02}
	EndGlobalSection
EndGlobal
